{
  "lockfile_version": "1",
  "packages": {
    "netlify-cli@12.2.4": {
      "last_modified": "2024-08-31T10:12:23Z",
      "resolved": "github:NixOS/nixpkgs/5629520edecb69630a3f4d17d3d33fc96c13f6fe#netlify-cli",
      "source": "devbox-search",
      "version": "12.2.4",
      "systems": {
        "aarch64-darwin": {
          "outputs": [
            {
              "name": "out",
              "path": "/nix/store/dr2css8qrpraljfdclc7dprbfmm6kxd0-netlify-cli-12.2.4",
              "default": true
            }
          ],
          "store_path": "/nix/store/dr2css8qrpraljfdclc7dprbfmm6kxd0-netlify-cli-12.2.4"
        },
        "aarch64-linux": {
          "outputs": [
            {
              "name": "out",
              "path": "/nix/store/63hzzni9p96sicdgxvi0535vl0bydar4-netlify-cli-12.2.4",
              "default": true
            }
          ],
          "store_path": "/nix/store/63hzzni9p96sicdgxvi0535vl0bydar4-netlify-cli-12.2.4"
        },
        "x86_64-darwin": {
          "outputs": [
            {
              "name": "out",
              "path": "/nix/store/612sbfkzpqslha5kj1l7dq67pxk6f0ib-netlify-cli-12.2.4",
              "default": true
            }
          ],
          "store_path": "/nix/store/612sbfkzpqslha5kj1l7dq67pxk6f0ib-netlify-cli-12.2.4"
        },
        "x86_64-linux": {
          "outputs": [
            {
              "name": "out",
              "path": "/nix/store/qni6yw9naw28wcmxh3m6pjcila2spibr-netlify-cli-12.2.4",
              "default": true
            }
          ],
          "store_path": "/nix/store/qni6yw9naw28wcmxh3m6pjcila2spibr-netlify-cli-12.2.4"
        }
      }
    },
    "quarto@1.5.56": {
      "last_modified": "2024-08-30T06:39:20Z",
      "resolved": "github:NixOS/nixpkgs/b96f849e725333eb2b1c7f1cb84ff102062468ba#quarto",
      "source": "devbox-search",
      "version": "1.5.56",
      "systems": {
        "aarch64-darwin": {
          "outputs": [
            {
              "name": "out",
              "path": "/nix/store/c83l81ksh4i1iag2sr59xpwgw0c515iv-quarto-1.5.56",
              "default": true
            }
          ],
          "store_path": "/nix/store/c83l81ksh4i1iag2sr59xpwgw0c515iv-quarto-1.5.56"
        },
        "aarch64-linux": {
          "outputs": [
            {
              "name": "out",
              "path": "/nix/store/b6yxlkvha7x3cglqpn2zwh5gspwvwqhi-quarto-1.5.56",
              "default": true
            }
          ],
          "store_path": "/nix/store/b6yxlkvha7x3cglqpn2zwh5gspwvwqhi-quarto-1.5.56"
        },
        "x86_64-darwin": {
          "outputs": [
            {
              "name": "out",
              "path": "/nix/store/nkh0zz5m420gy2b7bykkbgzc5dc289kl-quarto-1.5.56",
              "default": true
            }
          ],
          "store_path": "/nix/store/nkh0zz5m420gy2b7bykkbgzc5dc289kl-quarto-1.5.56"
        },
        "x86_64-linux": {
          "outputs": [
            {
              "name": "out",
              "path": "/nix/store/fjvfammjg1zsjlbxlm0f4zxlra9kd0ba-quarto-1.5.56",
              "default": true
            }
          ],
          "store_path": "/nix/store/fjvfammjg1zsjlbxlm0f4zxlra9kd0ba-quarto-1.5.56"
        }
      }
    }
  }
}
